
Microsoft Visual Studio Solution File, Format Version 12.00
# Visual Studio Version 17
VisualStudioVersion = 17.1.32328.378
MinimumVisualStudioVersion = 10.0.40219.1
Project("{FAE04EC0-301F-11D3-BF4B-00C04F79EFBC}") = "1. Match Full Name", "1. Match Full Name\1. Match Full Name.csproj", "{5D78AFB7-552C-40D4-BBAC-A96ADC1C058A}"
EndProject
Project("{FAE04EC0-301F-11D3-BF4B-00C04F79EFBC}") = "2. Match Phone Number", "2. Match Phone Number\2. Match Phone Number.csproj", "{7C6A0FDB-897F-427A-BA1E-2592343D79D7}"
EndProject
Project("{FAE04EC0-301F-11D3-BF4B-00C04F79EFBC}") = "3. Match Dates", "3. Match Dates\3. Match Dates.csproj", "{6FBD6C7A-8C96-43E9-9C83-7C74FB952A59}"
EndProject
Global
	GlobalSection(SolutionConfigurationPlatforms) = preSolution
		Debug|Any CPU = Debug|Any CPU
		Release|Any CPU = Release|Any CPU
	EndGlobalSection
	GlobalSection(ProjectConfigurationPlatforms) = postSolution
		{5D78AFB7-552C-40D4-BBAC-A96ADC1C058A}.Debug|Any CPU.ActiveCfg = Debug|Any CPU
		{5D78AFB7-552C-40D4-BBAC-A96ADC1C058A}.Debug|Any CPU.Build.0 = Debug|Any CPU
		{5D78AFB7-552C-40D4-BBAC-A96ADC1C058A}.Release|Any CPU.ActiveCfg = Release|Any CPU
		{5D78AFB7-552C-40D4-BBAC-A96ADC1C058A}.Release|Any CPU.Build.0 = Release|Any CPU
		{7C6A0FDB-897F-427A-BA1E-2592343D79D7}.Debug|Any CPU.ActiveCfg = Debug|Any CPU
		{7C6A0FDB-897F-427A-BA1E-2592343D79D7}.Debug|Any CPU.Build.0 = Debug|Any CPU
		{7C6A0FDB-897F-427A-BA1E-2592343D79D7}.Release|Any CPU.ActiveCfg = Release|Any CPU
		{7C6A0FDB-897F-427A-BA1E-2592343D79D7}.Release|Any CPU.Build.0 = Release|Any CPU
		{6FBD6C7A-8C96-43E9-9C83-7C74FB952A59}.Debug|Any CPU.ActiveCfg = Debug|Any CPU
		{6FBD6C7A-8C96-43E9-9C83-7C74FB952A59}.Debug|Any CPU.Build.0 = Debug|Any CPU
		{6FBD6C7A-8C96-43E9-9C83-7C74FB952A59}.Release|Any CPU.ActiveCfg = Release|Any CPU
		{6FBD6C7A-8C96-43E9-9C83-7C74FB952A59}.Release|Any CPU.Build.0 = Release|Any CPU
	EndGlobalSection
	GlobalSection(SolutionProperties) = preSolution
		HideSolutionNode = FALSE
	EndGlobalSection
	GlobalSection(ExtensibilityGlobals) = postSolution
		SolutionGuid = {6140B781-B69E-4135-B215-E2FB5DBE0C78}
	EndGlobalSection
EndGlobal
